
Microsoft Visual Studio Solution File, Format Version 12.00
# Visual Studio Version 17
VisualStudioVersion = 17.6.33712.159
MinimumVisualStudioVersion = 10.0.40219.1
Project("{FAE04EC0-301F-11D3-BF4B-00C04F79EFBC}") = "ImageDownsizer_Homework", "ImageDownsizer_Homework\ImageDownsizer_Homework.csproj", "{6FAAE668-8BB1-4DE1-934B-6C335BB01B3C}"
EndProject
Global
	GlobalSection(SolutionConfigurationPlatforms) = preSolution
		Debug|Any CPU = Debug|Any CPU
		Release|Any CPU = Release|Any CPU
	EndGlobalSection
	GlobalSection(ProjectConfigurationPlatforms) = postSolution
		{6FAAE668-8BB1-4DE1-934B-6C335BB01B3C}.Debug|Any CPU.ActiveCfg = Debug|Any CPU
		{6FAAE668-8BB1-4DE1-934B-6C335BB01B3C}.Debug|Any CPU.Build.0 = Debug|Any CPU
		{6FAAE668-8BB1-4DE1-934B-6C335BB01B3C}.Release|Any CPU.ActiveCfg = Release|Any CPU
		{6FAAE668-8BB1-4DE1-934B-6C335BB01B3C}.Release|Any CPU.Build.0 = Release|Any CPU
	EndGlobalSection
	GlobalSection(SolutionProperties) = preSolution
		HideSolutionNode = FALSE
	EndGlobalSection
	GlobalSection(ExtensibilityGlobals) = postSolution
		SolutionGuid = {ADD462C3-D967-4243-8CDB-0E784255B06B}
	EndGlobalSection
EndGlobal
